
Microsoft Visual Studio Solution File, Format Version 12.00
# Visual Studio Version 17
VisualStudioVersion = 17.4.33213.308
MinimumVisualStudioVersion = 10.0.40219.1
Project("{FAE04EC0-301F-11D3-BF4B-00C04F79EFBC}") = "Archimedes.Kernel", "Archimedes.Kernel\Archimedes.Kernel.csproj", "{6C08E0DE-1107-4C16-A920-C17F86F6B367}"
EndProject
Project("{FAE04EC0-301F-11D3-BF4B-00C04F79EFBC}") = "Archimedes.Kernel.Tests", "Archimedes.Kernel.Tests\Archimedes.Kernel.Tests.csproj", "{6B3AC90C-967B-4335-A5D2-5B238266180F}"
EndProject
Project("{FAE04EC0-301F-11D3-BF4B-00C04F79EFBC}") = "Archimedes.Mechanics", "Archimedes.Mechanics\Archimedes.Mechanics.csproj", "{B2DD2BA4-03C7-42E2-B6D4-B5E14A803D09}"
EndProject
Global
	GlobalSection(SolutionConfigurationPlatforms) = preSolution
		Debug|Any CPU = Debug|Any CPU
		Release|Any CPU = Release|Any CPU
	EndGlobalSection
	GlobalSection(ProjectConfigurationPlatforms) = postSolution
		{6C08E0DE-1107-4C16-A920-C17F86F6B367}.Debug|Any CPU.ActiveCfg = Debug|Any CPU
		{6C08E0DE-1107-4C16-A920-C17F86F6B367}.Debug|Any CPU.Build.0 = Debug|Any CPU
		{6C08E0DE-1107-4C16-A920-C17F86F6B367}.Release|Any CPU.ActiveCfg = Release|Any CPU
		{6C08E0DE-1107-4C16-A920-C17F86F6B367}.Release|Any CPU.Build.0 = Release|Any CPU
		{6B3AC90C-967B-4335-A5D2-5B238266180F}.Debug|Any CPU.ActiveCfg = Debug|Any CPU
		{6B3AC90C-967B-4335-A5D2-5B238266180F}.Debug|Any CPU.Build.0 = Debug|Any CPU
		{6B3AC90C-967B-4335-A5D2-5B238266180F}.Release|Any CPU.ActiveCfg = Release|Any CPU
		{6B3AC90C-967B-4335-A5D2-5B238266180F}.Release|Any CPU.Build.0 = Release|Any CPU
		{B2DD2BA4-03C7-42E2-B6D4-B5E14A803D09}.Debug|Any CPU.ActiveCfg = Debug|Any CPU
		{B2DD2BA4-03C7-42E2-B6D4-B5E14A803D09}.Debug|Any CPU.Build.0 = Debug|Any CPU
		{B2DD2BA4-03C7-42E2-B6D4-B5E14A803D09}.Release|Any CPU.ActiveCfg = Release|Any CPU
		{B2DD2BA4-03C7-42E2-B6D4-B5E14A803D09}.Release|Any CPU.Build.0 = Release|Any CPU
	EndGlobalSection
	GlobalSection(SolutionProperties) = preSolution
		HideSolutionNode = FALSE
	EndGlobalSection
	GlobalSection(ExtensibilityGlobals) = postSolution
		SolutionGuid = {50514B3D-1499-4223-A92C-88163B411A64}
	EndGlobalSection
EndGlobal
