
Microsoft Visual Studio Solution File, Format Version 12.00
# Visual Studio Version 17
VisualStudioVersion = 17.4.33213.308
MinimumVisualStudioVersion = 10.0.40219.1
Project("{9A19103F-16F7-4668-BE54-9A1E7A4F7556}") = "Archimedes.Core", "Archimedes.Core\Archimedes.Core.csproj", "{922114C3-C7B2-4D59-AB7A-64A02CEFA752}"
EndProject
Project("{9A19103F-16F7-4668-BE54-9A1E7A4F7556}") = "Archimedes.Core.Tests", "Archimedes.Core.Tests\Archimedes.Core.Tests.csproj", "{283EC6B9-A58D-4317-8658-912427920568}"
EndProject
Project("{9A19103F-16F7-4668-BE54-9A1E7A4F7556}") = "Archimedes.DebugConsole", "Archimedes.DebugConsole\Archimedes.DebugConsole.csproj", "{6969C9D6-A4F9-42B3-8555-7C8C6D6474AE}"
EndProject
Project("{9A19103F-16F7-4668-BE54-9A1E7A4F7556}") = "Archimedes.Numerical", "Archimedes.Numerical\Archimedes.Numerical.csproj", "{CF635C35-22E2-4E47-85FB-3A582C8D92E3}"
EndProject
Project("{FAE04EC0-301F-11D3-BF4B-00C04F79EFBC}") = "Archimedes.Numerical.Tests", "Archimedes.Numerical.Tests\Archimedes.Numerical.Tests.csproj", "{CDE1D4A1-3B0E-4BD7-8081-5A17C4797F62}"
EndProject
Global
	GlobalSection(SolutionConfigurationPlatforms) = preSolution
		Debug|Any CPU = Debug|Any CPU
		Release|Any CPU = Release|Any CPU
	EndGlobalSection
	GlobalSection(ProjectConfigurationPlatforms) = postSolution
		{922114C3-C7B2-4D59-AB7A-64A02CEFA752}.Debug|Any CPU.ActiveCfg = Debug|Any CPU
		{922114C3-C7B2-4D59-AB7A-64A02CEFA752}.Debug|Any CPU.Build.0 = Debug|Any CPU
		{922114C3-C7B2-4D59-AB7A-64A02CEFA752}.Release|Any CPU.ActiveCfg = Release|Any CPU
		{922114C3-C7B2-4D59-AB7A-64A02CEFA752}.Release|Any CPU.Build.0 = Release|Any CPU
		{283EC6B9-A58D-4317-8658-912427920568}.Debug|Any CPU.ActiveCfg = Debug|Any CPU
		{283EC6B9-A58D-4317-8658-912427920568}.Debug|Any CPU.Build.0 = Debug|Any CPU
		{283EC6B9-A58D-4317-8658-912427920568}.Release|Any CPU.ActiveCfg = Release|Any CPU
		{283EC6B9-A58D-4317-8658-912427920568}.Release|Any CPU.Build.0 = Release|Any CPU
		{6969C9D6-A4F9-42B3-8555-7C8C6D6474AE}.Debug|Any CPU.ActiveCfg = Debug|Any CPU
		{6969C9D6-A4F9-42B3-8555-7C8C6D6474AE}.Debug|Any CPU.Build.0 = Debug|Any CPU
		{6969C9D6-A4F9-42B3-8555-7C8C6D6474AE}.Release|Any CPU.ActiveCfg = Release|Any CPU
		{6969C9D6-A4F9-42B3-8555-7C8C6D6474AE}.Release|Any CPU.Build.0 = Release|Any CPU
		{CF635C35-22E2-4E47-85FB-3A582C8D92E3}.Debug|Any CPU.ActiveCfg = Debug|Any CPU
		{CF635C35-22E2-4E47-85FB-3A582C8D92E3}.Debug|Any CPU.Build.0 = Debug|Any CPU
		{CF635C35-22E2-4E47-85FB-3A582C8D92E3}.Release|Any CPU.ActiveCfg = Release|Any CPU
		{CF635C35-22E2-4E47-85FB-3A582C8D92E3}.Release|Any CPU.Build.0 = Release|Any CPU
		{CDE1D4A1-3B0E-4BD7-8081-5A17C4797F62}.Debug|Any CPU.ActiveCfg = Debug|Any CPU
		{CDE1D4A1-3B0E-4BD7-8081-5A17C4797F62}.Debug|Any CPU.Build.0 = Debug|Any CPU
		{CDE1D4A1-3B0E-4BD7-8081-5A17C4797F62}.Release|Any CPU.ActiveCfg = Release|Any CPU
		{CDE1D4A1-3B0E-4BD7-8081-5A17C4797F62}.Release|Any CPU.Build.0 = Release|Any CPU
	EndGlobalSection
	GlobalSection(SolutionProperties) = preSolution
		HideSolutionNode = FALSE
	EndGlobalSection
	GlobalSection(ExtensibilityGlobals) = postSolution
		SolutionGuid = {3C5A24F4-0072-4837-9294-6FA2E04B8912}
	EndGlobalSection
EndGlobal
